{
  "name": "vite-plugin-swc-transform",
  "version": "0.1.0",
  "lockfileVersion": 3,
  "requires": true,
  "packages": {
    "": {
      "name": "vite-plugin-swc-transform",
      "version": "0.1.0",
      "license": "MIT",
      "dependencies": {
        "@rollup/pluginutils": "^5.0.5",
        "@swc/core": "^1.3.92"
      },
      "peerDependencies": {
        "vite": "^4"
      },
      "peerDependenciesMeta": {
        "vite": {
          "optional": true
        }
      }
    },
    "node_modules/@rollup/pluginutils": {
      "version": "5.0.5",
      "resolved": "https://registry.npmjs.org/@rollup/pluginutils/-/pluginutils-5.0.5.tgz",
      "integrity": "sha512-6aEYR910NyP73oHiJglti74iRyOwgFU4x3meH/H8OJx6Ry0j6cOVZ5X/wTvub7G7Ao6qaHBEaNsV3GLJkSsF+Q==",
      "dependencies": {
        "@types/estree": "^1.0.0",
        "estree-walker": "^2.0.2",
        "picomatch": "^2.3.1"
      },
      "engines": {
        "node": ">=14.0.0"
      },
      "peerDependencies": {
        "rollup": "^1.20.0||^2.0.0||^3.0.0||^4.0.0"
      },
      "peerDependenciesMeta": {
        "rollup": {
          "optional": true
        }
      }
    },
    "node_modules/@swc/core": {
      "version": "1.3.93",
      "resolved": "https://registry.npmjs.org/@swc/core/-/core-1.3.93.tgz",
      "integrity": "sha512-690GRr1wUGmGYZHk7fUduX/JUwViMF2o74mnZYIWEcJaCcd9MQfkhsxPBtjeg6tF+h266/Cf3RPYhsFBzzxXcA==",
      "hasInstallScript": true,
      "dependencies": {
        "@swc/counter": "^0.1.1",
        "@swc/types": "^0.1.5"
      },
      "engines": {
        "node": ">=10"
      },
      "funding": {
        "type": "opencollective",
        "url": "https://opencollective.com/swc"
      },
      "optionalDependencies": {
        "@swc/core-darwin-arm64": "1.3.93",
        "@swc/core-darwin-x64": "1.3.93",
        "@swc/core-linux-arm-gnueabihf": "1.3.93",
        "@swc/core-linux-arm64-gnu": "1.3.93",
        "@swc/core-linux-arm64-musl": "1.3.93",
        "@swc/core-linux-x64-gnu": "1.3.93",
        "@swc/core-linux-x64-musl": "1.3.93",
        "@swc/core-win32-arm64-msvc": "1.3.93",
        "@swc/core-win32-ia32-msvc": "1.3.93",
        "@swc/core-win32-x64-msvc": "1.3.93"
      },
      "peerDependencies": {
        "@swc/helpers": "^0.5.0"
      },
      "peerDependenciesMeta": {
        "@swc/helpers": {
          "optional": true
        }
      }
    },
    "node_modules/@swc/core-darwin-arm64": {
      "version": "1.3.93",
      "resolved": "https://registry.npmjs.org/@swc/core-darwin-arm64/-/core-darwin-arm64-1.3.93.tgz",
      "integrity": "sha512-gEKgk7FVIgltnIfDO6GntyuQBBlAYg5imHpRgLxB1zSI27ijVVkksc6QwISzFZAhKYaBWIsFSVeL9AYSziAF7A==",
      "cpu": [
        "arm64"
      ],
      "optional": true,
      "os": [
        "darwin"
      ],
      "engines": {
        "node": ">=10"
      }
    },
    "node_modules/@swc/core-darwin-x64": {
      "version": "1.3.93",
      "resolved": "https://registry.npmjs.org/@swc/core-darwin-x64/-/core-darwin-x64-1.3.93.tgz",
      "integrity": "sha512-ZQPxm/fXdDQtn3yrYSL/gFfA8OfZ5jTi33yFQq6vcg/Y8talpZ+MgdSlYM0FkLrZdMTYYTNFiuBQuuvkA+av+Q==",
      "cpu": [
        "x64"
      ],
      "optional": true,
      "os": [
        "darwin"
      ],
      "engines": {
        "node": ">=10"
      }
    },
    "node_modules/@swc/core-linux-arm-gnueabihf": {
      "version": "1.3.93",
      "resolved": "https://registry.npmjs.org/@swc/core-linux-arm-gnueabihf/-/core-linux-arm-gnueabihf-1.3.93.tgz",
      "integrity": "sha512-OYFMMI2yV+aNe3wMgYhODxHdqUB/jrK0SEMHHS44GZpk8MuBXEF+Mcz4qjkY5Q1EH7KVQqXb/gVWwdgTHpjM2A==",
      "cpu": [
        "arm"
      ],
      "optional": true,
      "os": [
        "linux"
      ],
      "engines": {
        "node": ">=10"
      }
    },
    "node_modules/@swc/core-linux-arm64-gnu": {
      "version": "1.3.93",
      "resolved": "https://registry.npmjs.org/@swc/core-linux-arm64-gnu/-/core-linux-arm64-gnu-1.3.93.tgz",
      "integrity": "sha512-BT4dT78odKnJMNiq5HdjBsv29CiIdcCcImAPxeFqAeFw1LL6gh9nzI8E96oWc+0lVT5lfhoesCk4Qm7J6bty8w==",
      "cpu": [
        "arm64"
      ],
      "optional": true,
      "os": [
        "linux"
      ],
      "engines": {
        "node": ">=10"
      }
    },
    "node_modules/@swc/core-linux-arm64-musl": {
      "version": "1.3.93",
      "resolved": "https://registry.npmjs.org/@swc/core-linux-arm64-musl/-/core-linux-arm64-musl-1.3.93.tgz",
      "integrity": "sha512-yH5fWEl1bktouC0mhh0Chuxp7HEO4uCtS/ly1Vmf18gs6wZ8DOOkgAEVv2dNKIryy+Na++ljx4Ym7C8tSJTrLw==",
      "cpu": [
        "arm64"
      ],
      "optional": true,
      "os": [
        "linux"
      ],
      "engines": {
        "node": ">=10"
      }
    },
    "node_modules/@swc/core-linux-x64-gnu": {
      "version": "1.3.93",
      "resolved": "https://registry.npmjs.org/@swc/core-linux-x64-gnu/-/core-linux-x64-gnu-1.3.93.tgz",
      "integrity": "sha512-OFUdx64qvrGJhXKEyxosHxgoUVgba2ztYh7BnMiU5hP8lbI8G13W40J0SN3CmFQwPP30+3oEbW7LWzhKEaYjlg==",
      "cpu": [
        "x64"
      ],
      "optional": true,
      "os": [
        "linux"
      ],
      "engines": {
        "node": ">=10"
      }
    },
    "node_modules/@swc/core-linux-x64-musl": {
      "version": "1.3.93",
      "resolved": "https://registry.npmjs.org/@swc/core-linux-x64-musl/-/core-linux-x64-musl-1.3.93.tgz",
      "integrity": "sha512-4B8lSRwEq1XYm6xhxHhvHmKAS7pUp1Q7E33NQ2TlmFhfKvCOh86qvThcjAOo57x8DRwmpvEVrqvpXtYagMN6Ig==",
      "cpu": [
        "x64"
      ],
      "optional": true,
      "os": [
        "linux"
      ],
      "engines": {
        "node": ">=10"
      }
    },
    "node_modules/@swc/core-win32-arm64-msvc": {
      "version": "1.3.93",
      "resolved": "https://registry.npmjs.org/@swc/core-win32-arm64-msvc/-/core-win32-arm64-msvc-1.3.93.tgz",
      "integrity": "sha512-BHShlxtkven8ZjjvZ5QR6sC5fZCJ9bMujEkiha6W4cBUTY7ce7qGFyHmQd+iPC85d9kD/0cCiX/Xez8u0BhO7w==",
      "cpu": [
        "arm64"
      ],
      "optional": true,
      "os": [
        "win32"
      ],
      "engines": {
        "node": ">=10"
      }
    },
    "node_modules/@swc/core-win32-ia32-msvc": {
      "version": "1.3.93",
      "resolved": "https://registry.npmjs.org/@swc/core-win32-ia32-msvc/-/core-win32-ia32-msvc-1.3.93.tgz",
      "integrity": "sha512-nEwNWnz4JzYAK6asVvb92yeylfxMYih7eMQOnT7ZVlZN5ba9WF29xJ6kcQKs9HRH6MvWhz9+wRgv3FcjlU6HYA==",
      "cpu": [
        "ia32"
      ],
      "optional": true,
      "os": [
        "win32"
      ],
      "engines": {
        "node": ">=10"
      }
    },
    "node_modules/@swc/core-win32-x64-msvc": {
      "version": "1.3.93",
      "resolved": "https://registry.npmjs.org/@swc/core-win32-x64-msvc/-/core-win32-x64-msvc-1.3.93.tgz",
      "integrity": "sha512-jibQ0zUr4kwJaQVwgmH+svS04bYTPnPw/ZkNInzxS+wFAtzINBYcU8s2PMWbDb2NGYiRSEeoSGyAvS9H+24JFA==",
      "cpu": [
        "x64"
      ],
      "optional": true,
      "os": [
        "win32"
      ],
      "engines": {
        "node": ">=10"
      }
    },
    "node_modules/@swc/counter": {
      "version": "0.1.2",
      "resolved": "https://registry.npmjs.org/@swc/counter/-/counter-0.1.2.tgz",
      "integrity": "sha512-9F4ys4C74eSTEUNndnER3VJ15oru2NumfQxS8geE+f3eB5xvfxpWyqE5XlVnxb/R14uoXi6SLbBwwiDSkv+XEw=="
    },
    "node_modules/@swc/types": {
      "version": "0.1.5",
      "resolved": "https://registry.npmjs.org/@swc/types/-/types-0.1.5.tgz",
      "integrity": "sha512-myfUej5naTBWnqOCc/MdVOLVjXUXtIA+NpDrDBKJtLLg2shUjBu3cZmB/85RyitKc55+lUUyl7oRfLOvkr2hsw=="
    },
    "node_modules/@types/estree": {
      "version": "1.0.2",
      "resolved": "https://registry.npmjs.org/@types/estree/-/estree-1.0.2.tgz",
      "integrity": "sha512-VeiPZ9MMwXjO32/Xu7+OwflfmeoRwkE/qzndw42gGtgJwZopBnzy2gD//NN1+go1mADzkDcqf/KnFRSjTJ8xJA=="
    },
    "node_modules/estree-walker": {
      "version": "2.0.2",
      "resolved": "https://registry.npmjs.org/estree-walker/-/estree-walker-2.0.2.tgz",
      "integrity": "sha512-Rfkk/Mp/DL7JVje3u18FxFujQlTNR2q6QfMSMB7AvCBx91NGj/ba3kCfza0f6dVDbw7YlRf/nDrn7pQrCCyQ/w=="
    },
    "node_modules/picomatch": {
      "version": "2.3.1",
      "resolved": "https://registry.npmjs.org/picomatch/-/picomatch-2.3.1.tgz",
      "integrity": "sha512-JU3teHTNjmE2VCGFzuY8EXzCDVwEqB2a8fsIvwaStHhAWJEeVd1o1QD80CU6+ZdEXXSLbSsuLwJjkCBWqRQUVA==",
      "engines": {
        "node": ">=8.6"
      },
      "funding": {
        "url": "https://github.com/sponsors/jonschlinkert"
      }
    }
  }
}
